cloud.google.com/go v0.123.0 h1:2NAUJwPR47q+E35uaJeYoNhuNEM9kM8SjgRgdeOJUSE=
cloud.google.com/go v0.123.0/go.mod h1:xBoMV08QcqUGuPW65Qfm1o9Y4zKZBpGS+7bImXLTAZU=
cloud.google.com/go/auth v0.16.5 h1:mFWNQ2FEVWAliEQWpAdH80omXFokmrnbDhUS9cBywsI=
cloud.google.com/go/auth v0.16.5/go.mod h1:utzRfHMP+Vv0mpOkTRQoWD2q3BatTOoWbA7gCc2dUhQ=
cloud.google.com/go/auth/oauth2adapt v0.2.8 h1:keo8NaayQZ6wimpNSmW5OPc283g65QNIiLpZnkHRbnc=
cloud.google.com/go/auth/oauth2adapt v0.2.8/go.mod h1:XQ9y31RkqZCcwJWNSx2Xvric3RrU88hAYYbjDWYDL+c=
cloud.google.com/go/compute/metadata v0.9.0 h1:pDUj4QMoPejqq20dK0Pg2N4yG9zIkYGdBtwLoEkH9Zs=
cloud.google.com/go/compute/metadata v0.9.0/go.mod h1:E0bWwX5wTnLPedCKqk3pJmVgCBSM6qQI1yTBdEb3C10=
cloud.google.com/go/longrunning v0.6.7 h1:IGtfDWHhQCgCjwQjV9iiLnUta9LBCo8R9QmAFsS/PrE=
cloud.google.com/go/longrunning v0.6.7/go.mod h1:EAFV3IZAKmM56TyiE6VAP3VoTzhZzySwI/YI1s/nRsY=
cloud.google.com/go/texttospeech v1.15.0 h1:8+fZQY8NBEhiMGp+psVK7YPm0sOTfi+d0Q0P+y/SN/4=
cloud.google.com/go/texttospeech v1.15.0/go.mod h1:AeSkoH3ziPvapsuyI07TWY4oGxluAjntX+pF4PJ2jy0=
filippo.io/edwards25519 v1.1.0 h1:FNf4tywRC1HmFuKW5xopWpigGjJKiJSV0Cqo0cJWDaA=
filippo.io/edwards25519 v1.1.0/go.mod h1:BxyFTGdWcka3PhytdK4V28tE5sGfRvvvRV7EaN4VDT4=
github.com/DATA-DOG/go-sqlmock v1.3.3/go.mod h1:f/Ixk793poVmq4qj/V1dPUg2JEAKC73Q5eFN3EC/SaM=
github.com/d4l3k/messagediff v1.2.2-0.20190829033028-7e0a312ae40b/go.mod h1:Oozbb1TVXFac9FtSIxHBMnBCq2qeH/2KkEQxENCrlLo=
github.com/davecgh/go-spew v1.1.1 h1:vj9j/u1bqnvCEfJOwUhtlOARqs3+rkHYY13jYWTU97c=
github.com/davecgh/go-spew v1.1.1/go.mod h1:J7Y8YcW2NihsgmVo/mv3lAwl/skON4iLHjSsI+c5H38=
github.com/erikbryant/aes v0.4.0 h1:obZHjv5b+cxyGocqvKMiCpN4QGjRwG5r7vPrYtWT3nA=
github.com/erikbryant/aes v0.4.0/go.mod h1:Awmp9n4/zhnQgZ/YmkotbY2TEKFLi9Zh87cRbw5WdhM=
github.com/erikbryant/beepspeak v0.9.1 h1:rUCmnd3Fc4j94xnPpi4X2kYum0MrYDTlBaln3CrPj8Y=
github.com/erikbryant/beepspeak v0.9.1/go.mod h1:x1eyeX0a3Bd85gpyn99F/AVFb0/RQss4AePtLUwai7Q=
github.com/erikbryant/web v0.10.0 h1:pVq1phHzm0xigWBY7qGxTqg5Cd3qA60N9X/ZIdLfI0g=
github.com/erikbryant/web v0.10.0/go.mod h1:NNP71ST7uai5s5vV2s92LJQyoLlr67+fbz8spZJNW4c=
github.com/faiface/beep v1.1.0 h1:A2gWP6xf5Rh7RG/p9/VAW2jRSDEGQm5sbOb38sf5d4c=
github.com/faiface/beep v1.1.0/go.mod h1:6I8p6kK2q4opL/eWb+kAkk38ehnTunWeToJB+s51sT4=
github.com/felixge/httpsnoop v1.0.4 h1:NFTV2Zj1bL4mc9sqWACXbQFVBBg2W3GPvqp8/ESS2Wg=
github.com/felixge/httpsnoop v1.0.4/go.mod h1:m8KPJKqk1gH5J9DgRY2ASl2lWCfGKXixSwevea8zH2U=
github.com/gdamore/encoding v1.0.0/go.mod h1:alR0ol34c49FCSBLjhosxzcPHQbf2trDkoo5dl+VrEg=
github.com/gdamore/tcell v1.3.0/go.mod h1:Hjvr+Ofd+gLglo7RYKxxnzCBmev3BzsS67MebKS4zMM=
github.com/go-audio/audio v1.0.0/go.mod h1:6uAu0+H2lHkwdGsAY+j2wHPNPpPoeg5AaEFh9FlA+Zs=
github.com/go-audio/riff v1.0.0/go.mod h1:l3cQwc85y79NQFCRB7TiPoNiaijp6q8Z0Uv38rVG498=
github.com/go-audio/wav v1.0.0/go.mod h1:3yoReyQOsiARkvPl3ERCi8JFjihzG6WhjYpZCf5zAWE=
github.com/go-logr/logr v1.2.2/go.mod h1:jdQByPbusPIv2/zmleS9BjJVeZ6kBagPoEUsqbVz/1A=
github.com/go-logr/logr v1.4.3 h1:CjnDlHq8ikf6E492q6eKboGOC0T8CDaOvkHCIg8idEI=
github.com/go-logr/logr v1.4.3/go.mod h1:9T104GzyrTigFIr8wt5mBrctHMim0Nb2HLGrmQ40KvY=
github.com/go-logr/stdr v1.2.2 h1:hSWxHoqTgW2S2qGc0LTAI563KZ5YKYRhT3MFKZMbjag=
github.com/go-logr/stdr v1.2.2/go.mod h1:mMo/vtBO5dYbehREoey6XUKy/eSumjCCveDpRre4VKE=
github.com/go-sql-driver/mysql v1.9.3 h1:U/N249h2WzJ3Ukj8SowVFjdtZKfu9vlLZxjPXV1aweo=
github.com/go-sql-driver/mysql v1.9.3/go.mod h1:qn46aNg1333BRMNU69Lq93t8du/dwxI64Gl8i5p1WMU=
github.com/golang/protobuf v1.5.4 h1:i7eJL8qZTpSEXOPTxNKhASYpMn+8e5Q6AdndVa1dWek=
github.com/golang/protobuf v1.5.4/go.mod h1:lnTiLA8Wa4RWRcIUkrtSVa5nRhsEGBg48fD6rSs7xps=
github.com/google/go-cmp v0.7.0 h1:wk8382ETsv4JYUZwIsn6YpYiWiBsYLSJiTsyBybVuN8=
github.com/google/go-cmp v0.7.0/go.mod h1:pXiqmnSA92OHEEa9HXL2W4E7lf9JzCmGVUdgjX3N/iU=
github.com/google/s2a-go v0.1.9 h1:LGD7gtMgezd8a/Xak7mEWL0PjoTQFvpRudN895yqKW0=
github.com/google/s2a-go v0.1.9/go.mod h1:YA0Ei2ZQL3acow2O62kdp9UlnvMmU7kA6Eutn0dXayM=
github.com/google/uuid v1.6.0 h1:NIvaJDMOsjHA8n1jAhLSgzrAzy1Hgr+hNrb57e+94F0=
github.com/google/uuid v1.6.0/go.mod h1:TIyPZe4MgqvfeYDBFedMoGGpEw/LqOeaOT+nhxU+yHo=
github.com/googleapis/enterprise-certificate-proxy v0.3.6 h1:GW/XbdyBFQ8Qe+YAmFU9uHLo7OnF5tL52HFAgMmyrf4=
github.com/googleapis/enterprise-certificate-proxy v0.3.6/go.mod h1:MkHOF77EYAE7qfSuSS9PU6g4Nt4e11cnsDUowfwewLA=
github.com/googleapis/gax-go/v2 v2.15.0 h1:SyjDc1mGgZU5LncH8gimWo9lW1DtIfPibOG81vgd/bo=
github.com/googleapis/gax-go/v2 v2.15.0/go.mod h1:zVVkkxAQHa1RQpg9z2AUCMnKhi0Qld9rcmyfL1OZhoc=
github.com/hajimehoshi/go-mp3 v0.3.0/go.mod h1:qMJj/CSDxx6CGHiZeCgbiq2DSUkbK0UbtXShQcnfyMM=
github.com/hajimehoshi/go-mp3 v0.3.4 h1:NUP7pBYH8OguP4diaTZ9wJbUbk3tC0KlfzsEpWmYj68=
github.com/hajimehoshi/go-mp3 v0.3.4/go.mod h1:fRtZraRFcWb0pu7ok0LqyFhCUrPeMsGRSVop0eemFmo=
github.com/hajimehoshi/oto v0.6.1/go.mod h1:0QXGEkbuJRohbJaxr7ZQSxnju7hEhseiPx2hrh6raOI=
github.com/hajimehoshi/oto v0.7.1/go.mod h1:wovJ8WWMfFKvP587mhHgot/MBr4DnNy9m6EepeVGnos=
github.com/hajimehoshi/oto v1.0.2 h1:NxUZoQkV4UgbJobPIT/pVTcT/qpkd3YqEGRzPtk7Rc8=
github.com/hajimehoshi/oto v1.0.2/go.mod h1:AARGdOaQIhMJ1fhKu7nMzEesM2/mE4KZ8A1K1VZozuQ=
github.com/hajimehoshi/oto/v2 v2.3.1/go.mod h1:seWLbgHH7AyUMYKfKYT9pg7PhUu9/SisyJvNTT+ASQo=
github.com/icza/bitio v1.0.0/go.mod h1:0jGnlLAx8MKMr9VGnn/4YrvZiprkvBelsVIbA9Jjr9A=
github.com/icza/mighty v0.0.0-20180919140131-cfd07d671de6/go.mod h1:xQig96I1VNBDIWGCdTt54nHt6EeI639SmHycLYL7FkA=
github.com/jfreymuth/oggvorbis v1.0.1/go.mod h1:NqS+K+UXKje0FUYUPosyQ+XTVvjmVjps1aEZH1sumIk=
github.com/jfreymuth/vorbis v1.0.0/go.mod h1:8zy3lUAm9K/rJJk223RKy6vjCZTWC61NA2QD06bfOE0=
github.com/lucasb-eyer/go-colorful v1.0.2/go.mod h1:0MS4r+7BZKSJ5mw4/S5MPN+qHFF1fYclkSPilDOKW0s=
github.com/mattn/go-runewidth v0.0.4/go.mod h1:LwmH8dsx7+W8Uxz3IHJYH5QSwggIsqBzpuz5H//U1FU=
github.com/mewkiz/flac v1.0.7/go.mod h1:yU74UH277dBUpqxPouHSQIar3G1X/QIclVbFahSd1pU=
github.com/mewkiz/pkg v0.0.0-20190919212034-518ade7978e2/go.mod h1:3E2FUC/qYUfM8+r9zAwpeHJzqRVVMIYnpzD/clwWxyA=
github.com/pkg/errors v0.8.1/go.mod h1:bwawxfHBFNV+L2hUp1rHADufV3IMtnDRdf1r5NINEl0=
github.com/pkg/errors v0.9.1 h1:FEBLx1zS214owpjy7qsBeixbURkuhQAwrK5UwLGTwt4=
github.com/pkg/errors v0.9.1/go.mod h1:bwawxfHBFNV+L2hUp1rHADufV3IMtnDRdf1r5NINEl0=
github.com/pmezard/go-difflib v1.0.0 h1:4DBwDE0NGyQoBHbLQYPwSUPoCMWR5BEzIk/f1lZbAQM=
github.com/pmezard/go-difflib v1.0.0/go.mod h1:iKH77koFhYxTK1pcRnkKkqfTogsbg7gZNVY4sRDYZ/4=
github.com/stretchr/testify v1.11.1 h1:7s2iGBzp5EwR7/aIZr8ao5+dra3wiQyKjjFuvgVKu7U=
github.com/stretchr/testify v1.11.1/go.mod h1:wZwfW3scLgRK+23gO65QZefKpKQRnfz6sD981Nm4B6U=
go.opentelemetry.io/auto/sdk v1.2.1 h1:jXsnJ4Lmnqd11kwkBV2LgLoFMZKizbCi5fNZ/ipaZ64=
go.opentelemetry.io/auto/sdk v1.2.1/go.mod h1:KRTj+aOaElaLi+wW1kO/DZRXwkF4C5xPbEe3ZiIhN7Y=
go.opentelemetry.io/contrib/instrumentation/google.golang.org/grpc/otelgrpc v0.63.0 h1:YH4g8lQroajqUwWbq/tr2QX1JFmEXaDLgG+ew9bLMWo=
go.opentelemetry.io/contrib/instrumentation/google.golang.org/grpc/otelgrpc v0.63.0/go.mod h1:fvPi2qXDqFs8M4B4fmJhE92TyQs9Ydjlg3RvfUp+NbQ=
go.opentelemetry.io/contrib/instrumentation/net/http/otelhttp v0.63.0 h1:RbKq8BG0FI8OiXhBfcRtqqHcZcka+gU3cskNuf05R18=
go.opentelemetry.io/contrib/instrumentation/net/http/otelhttp v0.63.0/go.mod h1:h06DGIukJOevXaj/xrNjhi/2098RZzcLTbc0jDAUbsg=
go.opentelemetry.io/otel v1.38.0 h1:RkfdswUDRimDg0m2Az18RKOsnI8UDzppJAtj01/Ymk8=
go.opentelemetry.io/otel v1.38.0/go.mod h1:zcmtmQ1+YmQM9wrNsTGV/q/uyusom3P8RxwExxkZhjM=
go.opentelemetry.io/otel/metric v1.38.0 h1:Kl6lzIYGAh5M159u9NgiRkmoMKjvbsKtYRwgfrA6WpA=
go.opentelemetry.io/otel/metric v1.38.0/go.mod h1:kB5n/QoRM8YwmUahxvI3bO34eVtQf2i4utNVLr9gEmI=
go.opentelemetry.io/otel/sdk v1.38.0 h1:l48sr5YbNf2hpCUj/FoGhW9yDkl+Ma+LrVl8qaM5b+E=
go.opentelemetry.io/otel/sdk v1.38.0/go.mod h1:ghmNdGlVemJI3+ZB5iDEuk4bWA3GkTpW+DOoZMYBVVg=
go.opentelemetry.io/otel/sdk/metric v1.38.0 h1:aSH66iL0aZqo//xXzQLYozmWrXxyFkBJ6qT5wthqPoM=
go.opentelemetry.io/otel/sdk/metric v1.38.0/go.mod h1:dg9PBnW9XdQ1Hd6ZnRz689CbtrUp0wMMs9iPcgT9EZA=
go.opentelemetry.io/otel/trace v1.38.0 h1:Fxk5bKrDZJUH+AMyyIXGcFAPah0oRcT+LuNtJrmcNLE=
go.opentelemetry.io/otel/trace v1.38.0/go.mod h1:j1P9ivuFsTceSWe1oY+EeW3sc+Pp42sO++GHkg4wwhs=
golang.org/x/crypto v0.42.0 h1:chiH31gIWm57EkTXpwnqf8qeuMUi0yekh6mT2AvFlqI=
golang.org/x/crypto v0.42.0/go.mod h1:4+rDnOTJhQCx2q7/j6rAN5XDw8kPjeaXEUR2eL94ix8=
golang.org/x/exp v0.0.0-20190306152737-a1d7652674e8/go.mod h1:CJ0aWSM057203Lf6IL+f9T1iT9GByDxfZKAQTCR3kQA=
golang.org/x/exp/shiny v0.0.0-20250911091902-df9299821621 h1:mNBlTy+K7iiLiyE5Dmn6E/VUdpmHrojPwdKU1v81UJ8=
golang.org/x/exp/shiny v0.0.0-20250911091902-df9299821621/go.mod h1:tEo/L/YxpzKrqv+r35dZPMsKHUm5BliNihYkgdxAUX4=
golang.org/x/image v0.0.0-20190220214146-31aff87c08e9/go.mod h1:kZ7UVZpmo3dzQBMxlp+ypCbDeSB+sBbTgSJuh5dn5js=
golang.org/x/image v0.0.0-20190227222117-0694c2d4d067/go.mod h1:kZ7UVZpmo3dzQBMxlp+ypCbDeSB+sBbTgSJuh5dn5js=
golang.org/x/image v0.31.0 h1:mLChjE2MV6g1S7oqbXC0/UcKijjm5fnJLUYKIYrLESA=
golang.org/x/image v0.31.0/go.mod h1:R9ec5Lcp96v9FTF+ajwaH3uGxPH4fKfHHAVbUILxghA=
golang.org/x/mobile v0.0.0-20190415191353-3e0bab5405d6/go.mod h1:E/iHnbuqvinMTCcRqshq8CkpyQDoeVncDDYHnLhea+o=
golang.org/x/mobile v0.0.0-20250911085028-6912353760cf h1:2HVicFltkNthxuudLg8n5TzyNVUESF91+X7+/fxEjSM=
golang.org/x/mobile v0.0.0-20250911085028-6912353760cf/go.mod h1:tfwPrSLpQwNZm2LZ6L4ol2VGzxz+xdyj0fN+n4A50OQ=
golang.org/x/net v0.0.0-20190213061140-3a22650c66bd/go.mod h1:mL1N/T3taQHkDXs73rZJwtUhF3w3ftmwwsq0BUmARs4=
golang.org/x/net v0.44.0 h1:evd8IRDyfNBMBTTY5XRF1vaZlD+EmWx6x8PkhR04H/I=
golang.org/x/net v0.44.0/go.mod h1:ECOoLqd5U3Lhyeyo/QDCEVQ4sNgYsqvCZ722XogGieY=
golang.org/x/oauth2 v0.31.0 h1:8Fq0yVZLh4j4YA47vHKFTa9Ew5XIrCP8LC6UeNZnLxo=
golang.org/x/oauth2 v0.31.0/go.mod h1:lzm5WQJQwKZ3nwavOZ3IS5Aulzxi68dUSgRHujetwEA=
golang.org/x/sync v0.17.0 h1:l60nONMj9l5drqw6jlhIELNv9I0A4OFgRsG9k2oT9Ug=
golang.org/x/sync v0.17.0/go.mod h1:9KTHXmSnoGruLpwFjVSX0lNNA75CykiMECbovNTZqGI=
golang.org/x/sys v0.0.0-20190312061237-fead79001313/go.mod h1:h1NjWce9XRLGQEsW7wpKNCjG9DtNlClVuFLEZdDNbEs=
golang.org/x/sys v0.0.0-20190429190828-d89cdac9e872/go.mod h1:h1NjWce9XRLGQEsW7wpKNCjG9DtNlClVuFLEZdDNbEs=
golang.org/x/sys v0.0.0-20190626150813-e07cf5db2756/go.mod h1:h1NjWce9XRLGQEsW7wpKNCjG9DtNlClVuFLEZdDNbEs=
golang.org/x/sys v0.0.0-20220712014510-0a85c31ab51e/go.mod h1:oPkhp1MJrh7nUepCBck5+mAzfO9JrbApNNgaTdGDITg=
golang.org/x/sys v0.36.0 h1:KVRy2GtZBrk1cBYA7MKu5bEZFxQk4NIDV6RLVcC8o0k=
golang.org/x/sys v0.36.0/go.mod h1:OgkHotnGiDImocRcuBABYBEXf8A9a87e/uXjp9XT3ks=
golang.org/x/text v0.3.0/go.mod h1:NqM8EUOU14njkJ3fqMW+pc6Ldnwhi/IjpwHt7yyuwOQ=
golang.org/x/text v0.29.0 h1:1neNs90w9YzJ9BocxfsQNHKuAT4pkghyXc4nhZ6sJvk=
golang.org/x/text v0.29.0/go.mod h1:7MhJOA9CD2qZyOKYazxdYMF85OwPdEr9jTtBpO7ydH4=
golang.org/x/time v0.13.0 h1:eUlYslOIt32DgYD6utsuUeHs4d7AsEYLuIAdg7FlYgI=
golang.org/x/time v0.13.0/go.mod h1:eL/Oa2bBBK0TkX57Fyni+NgnyQQN4LitPmob2Hjnqw4=
gonum.org/v1/gonum v0.16.0 h1:5+ul4Swaf3ESvrOnidPp4GZbzf0mxVQpDCYUQE7OJfk=
gonum.org/v1/gonum v0.16.0/go.mod h1:fef3am4MQ93R2HHpKnLk4/Tbh/s0+wqD5nfa6Pnwy4E=
google.golang.org/api v0.250.0 h1:qvkwrf/raASj82UegU2RSDGWi/89WkLckn4LuO4lVXM=
google.golang.org/api v0.250.0/go.mod h1:Y9Uup8bDLJJtMzJyQnu+rLRJLA0wn+wTtc6vTlOvfXo=
google.golang.org/genproto v0.0.0-20250603155806-513f23925822 h1:rHWScKit0gvAPuOnu87KpaYtjK5zBMLcULh7gxkCXu4=
google.golang.org/genproto v0.0.0-20250603155806-513f23925822/go.mod h1:HubltRL7rMh0LfnQPkMH4NPDFEWp0jw3vixw7jEM53s=
google.golang.org/genproto/googleapis/api v0.0.0-20250922171735-9219d122eba9 h1:jm6v6kMRpTYKxBRrDkYAitNJegUeO1Mf3Kt80obv0gg=
google.golang.org/genproto/googleapis/api v0.0.0-20250922171735-9219d122eba9/go.mod h1:LmwNphe5Afor5V3R5BppOULHOnt2mCIf+NxMd4XiygE=
google.golang.org/genproto/googleapis/rpc v0.0.0-20250922171735-9219d122eba9 h1:V1jCN2HBa8sySkR5vLcCSqJSTMv093Rw9EJefhQGP7M=
google.golang.org/genproto/googleapis/rpc v0.0.0-20250922171735-9219d122eba9/go.mod h1:HSkG/KdJWusxU1F6CNrwNDjBMgisKxGnc5dAZfT0mjQ=
google.golang.org/grpc v1.75.1 h1:/ODCNEuf9VghjgO3rqLcfg8fiOP0nSluljWFlDxELLI=
google.golang.org/grpc v1.75.1/go.mod h1:JtPAzKiq4v1xcAB2hydNlWI2RnF85XXcV0mhKXr2ecQ=
google.golang.org/protobuf v1.36.9 h1:w2gp2mA27hUeUzj9Ex9FBjsBm40zfaDtEWow293U7Iw=
google.golang.org/protobuf v1.36.9/go.mod h1:fuxRtAxBytpl4zzqUh6/eyUujkJdNiuEkXntxiD/uRU=
gopkg.in/yaml.v3 v3.0.1 h1:fxVm/GzAzEWqLHuvctI91KS9hhNmmWOoWu0XTYJS7CA=
gopkg.in/yaml.v3 v3.0.1/go.mod h1:K4uyk7z7BCEPqu6E+C64Yfv1cQ7kz7rIZviUmN+EgEM=
